{
  "name": "ghq",
  "version": "1.0.0",
  "lockfileVersion": 1,
  "requires": true,
  "dependencies": {
    "the-grid-flexbox": {
      "version": "1.0.1",
      "resolved": "https://registry.npmjs.org/the-grid-flexbox/-/the-grid-flexbox-1.0.1.tgz",
      "integrity": "sha512-lWTbXyuMmob46Lig2BO4QXh36GFbaGOSQ7q0a2482yqXt/Z55E5B+TmXSbcA6q1D7rOozTcZmlDMeZS9SXz/SQ==",
      "dev": true
    }
  }
}
